
Microsoft Visual Studio Solution File, Format Version 12.00
# Visual Studio 2013
VisualStudioVersion = 12.0.31101.0
MinimumVisualStudioVersion = 10.0.40219.1
Project("{FAE04EC0-301F-11D3-BF4B-00C04F79EFBC}") = "Hexon.MvcTrig", "Hexon.MvcTrig\Hexon.MvcTrig.csproj", "{1A488C44-DCA1-49B4-BDC3-100FE7F0A737}"
EndProject
Project("{FAE04EC0-301F-11D3-BF4B-00C04F79EFBC}") = "Hexon.MvcTrig.Fancybox", "Hexon.MvcTrig.Fancybox\Hexon.MvcTrig.Fancybox.csproj", "{9A12E6E1-BE2C-485A-89D9-CD69ED5927E5}"
EndProject
Project("{FAE04EC0-301F-11D3-BF4B-00C04F79EFBC}") = "Hexon.MvcTrig.Sample", "Hexon.MvcTrig.Sample\Hexon.MvcTrig.Sample.csproj", "{2FF5FDC4-B05D-4E39-B407-EC8750B4EF81}"
EndProject
Global
	GlobalSection(SolutionConfigurationPlatforms) = preSolution
		Debug|Any CPU = Debug|Any CPU
		Release|Any CPU = Release|Any CPU
	EndGlobalSection
	GlobalSection(ProjectConfigurationPlatforms) = postSolution
		{1A488C44-DCA1-49B4-BDC3-100FE7F0A737}.Debug|Any CPU.ActiveCfg = Debug|Any CPU
		{1A488C44-DCA1-49B4-BDC3-100FE7F0A737}.Debug|Any CPU.Build.0 = Debug|Any CPU
		{1A488C44-DCA1-49B4-BDC3-100FE7F0A737}.Release|Any CPU.ActiveCfg = Release|Any CPU
		{1A488C44-DCA1-49B4-BDC3-100FE7F0A737}.Release|Any CPU.Build.0 = Release|Any CPU
		{9A12E6E1-BE2C-485A-89D9-CD69ED5927E5}.Debug|Any CPU.ActiveCfg = Debug|Any CPU
		{9A12E6E1-BE2C-485A-89D9-CD69ED5927E5}.Debug|Any CPU.Build.0 = Debug|Any CPU
		{9A12E6E1-BE2C-485A-89D9-CD69ED5927E5}.Release|Any CPU.ActiveCfg = Release|Any CPU
		{9A12E6E1-BE2C-485A-89D9-CD69ED5927E5}.Release|Any CPU.Build.0 = Release|Any CPU
		{2FF5FDC4-B05D-4E39-B407-EC8750B4EF81}.Debug|Any CPU.ActiveCfg = Debug|Any CPU
		{2FF5FDC4-B05D-4E39-B407-EC8750B4EF81}.Debug|Any CPU.Build.0 = Debug|Any CPU
		{2FF5FDC4-B05D-4E39-B407-EC8750B4EF81}.Release|Any CPU.ActiveCfg = Release|Any CPU
		{2FF5FDC4-B05D-4E39-B407-EC8750B4EF81}.Release|Any CPU.Build.0 = Release|Any CPU
	EndGlobalSection
	GlobalSection(SolutionProperties) = preSolution
		HideSolutionNode = FALSE
	EndGlobalSection
EndGlobal
